
Microsoft Visual Studio Solution File, Format Version 12.00
# Visual Studio Version 17
VisualStudioVersion = 17.7.34202.233
MinimumVisualStudioVersion = 10.0.40219.1
Project("{FAE04EC0-301F-11D3-BF4B-00C04F79EFBC}") = "Unit_testing", "Unit_testing\Unit_testing.csproj", "{D2273353-3559-4EE2-B143-CAEEBAC36597}"
EndProject
Global
	GlobalSection(SolutionConfigurationPlatforms) = preSolution
		Debug|Any CPU = Debug|Any CPU
		Release|Any CPU = Release|Any CPU
	EndGlobalSection
	GlobalSection(ProjectConfigurationPlatforms) = postSolution
		{D2273353-3559-4EE2-B143-CAEEBAC36597}.Debug|Any CPU.ActiveCfg = Debug|Any CPU
		{D2273353-3559-4EE2-B143-CAEEBAC36597}.Debug|Any CPU.Build.0 = Debug|Any CPU
		{D2273353-3559-4EE2-B143-CAEEBAC36597}.Release|Any CPU.ActiveCfg = Release|Any CPU
		{D2273353-3559-4EE2-B143-CAEEBAC36597}.Release|Any CPU.Build.0 = Release|Any CPU
	EndGlobalSection
	GlobalSection(SolutionProperties) = preSolution
		HideSolutionNode = FALSE
	EndGlobalSection
	GlobalSection(ExtensibilityGlobals) = postSolution
		SolutionGuid = {3099CA87-3939-4EAC-8339-24D49D147294}
	EndGlobalSection
EndGlobal
